
Microsoft Visual Studio Solution File, Format Version 12.00
# Visual Studio Version 16
VisualStudioVersion = 16.0.32428.217
MinimumVisualStudioVersion = 10.0.40219.1
Project("{FAE04EC0-301F-11D3-BF4B-00C04F79EFBC}") = "EasySave", "EasySave\EasySave.csproj", "{337136F9-5FC0-49A4-9064-8110E0F47576}"
EndProject
Project("{FAE04EC0-301F-11D3-BF4B-00C04F79EFBC}") = "TestProject", "TestProject\TestProject.csproj", "{B21047D5-8FC4-4286-BAA8-B00D9F23367A}"
EndProject
Global
	GlobalSection(SolutionConfigurationPlatforms) = preSolution
		Debug|Any CPU = Debug|Any CPU
		Release|Any CPU = Release|Any CPU
	EndGlobalSection
	GlobalSection(ProjectConfigurationPlatforms) = postSolution
		{337136F9-5FC0-49A4-9064-8110E0F47576}.Debug|Any CPU.ActiveCfg = Debug|Any CPU
		{337136F9-5FC0-49A4-9064-8110E0F47576}.Debug|Any CPU.Build.0 = Debug|Any CPU
		{337136F9-5FC0-49A4-9064-8110E0F47576}.Release|Any CPU.ActiveCfg = Release|Any CPU
		{337136F9-5FC0-49A4-9064-8110E0F47576}.Release|Any CPU.Build.0 = Release|Any CPU
		{B21047D5-8FC4-4286-BAA8-B00D9F23367A}.Debug|Any CPU.ActiveCfg = Debug|Any CPU
		{B21047D5-8FC4-4286-BAA8-B00D9F23367A}.Debug|Any CPU.Build.0 = Debug|Any CPU
		{B21047D5-8FC4-4286-BAA8-B00D9F23367A}.Release|Any CPU.ActiveCfg = Release|Any CPU
		{B21047D5-8FC4-4286-BAA8-B00D9F23367A}.Release|Any CPU.Build.0 = Release|Any CPU
	EndGlobalSection
	GlobalSection(SolutionProperties) = preSolution
		HideSolutionNode = FALSE
	EndGlobalSection
	GlobalSection(ExtensibilityGlobals) = postSolution
		SolutionGuid = {47A5FBFF-7051-4269-BC6E-DED936089734}
	EndGlobalSection
EndGlobal
